
Microsoft Visual Studio Solution File, Format Version 12.00
# Visual Studio 15
VisualStudioVersion = 15.0.28307.168
MinimumVisualStudioVersion = 10.0.40219.1
Project("{8BC9CEB8-8B4A-11D0-8D11-00A0C91BC942}") = "CefTest", "CefTest\CefTest.vcxproj", "{6F2A2E35-BE0E-4651-AFD3-E5946669ECA2}"
EndProject
Global
	GlobalSection(SolutionConfigurationPlatforms) = preSolution
		Debug|x64 = Debug|x64
		Debug|x86 = Debug|x86
		Release|x64 = Release|x64
		Release|x86 = Release|x86
	EndGlobalSection
	GlobalSection(ProjectConfigurationPlatforms) = postSolution
		{6F2A2E35-BE0E-4651-AFD3-E5946669ECA2}.Debug|x64.ActiveCfg = Debug|x64
		{6F2A2E35-BE0E-4651-AFD3-E5946669ECA2}.Debug|x64.Build.0 = Debug|x64
		{6F2A2E35-BE0E-4651-AFD3-E5946669ECA2}.Debug|x86.ActiveCfg = Debug|Win32
		{6F2A2E35-BE0E-4651-AFD3-E5946669ECA2}.Debug|x86.Build.0 = Debug|Win32
		{6F2A2E35-BE0E-4651-AFD3-E5946669ECA2}.Release|x64.ActiveCfg = Release|x64
		{6F2A2E35-BE0E-4651-AFD3-E5946669ECA2}.Release|x64.Build.0 = Release|x64
		{6F2A2E35-BE0E-4651-AFD3-E5946669ECA2}.Release|x86.ActiveCfg = Release|Win32
		{6F2A2E35-BE0E-4651-AFD3-E5946669ECA2}.Release|x86.Build.0 = Release|Win32
	EndGlobalSection
	GlobalSection(SolutionProperties) = preSolution
		HideSolutionNode = FALSE
	EndGlobalSection
	GlobalSection(ExtensibilityGlobals) = postSolution
		SolutionGuid = {1F6CF39C-2F1C-4FBE-BE54-DF9DD3B9994E}
	EndGlobalSection
EndGlobal
